
Microsoft Visual Studio Solution File, Format Version 12.00
# Visual Studio Version 16
VisualStudioVersion = 16.0.30114.105
MinimumVisualStudioVersion = 10.0.40219.1
Project("{9A19103F-16F7-4668-BE54-9A1E7A4F7556}") = "cccsharp", "cccsharp\cccsharp.csproj", "{9CE18103-38B4-4BC1-8F81-ECEB9E39D2B2}"
EndProject
Project("{9A19103F-16F7-4668-BE54-9A1E7A4F7556}") = "Structure", "Structure\Structure.csproj", "{382E57D2-DE27-46D7-AC36-559678E52EB0}"
EndProject
Project("{9A19103F-16F7-4668-BE54-9A1E7A4F7556}") = "FIleAndDirectory", "FIleAndDirectory\FIleAndDirectory.csproj", "{0AFDEECD-9F10-45A4-8826-E37D2431224C}"
EndProject
Project("{9A19103F-16F7-4668-BE54-9A1E7A4F7556}") = "Линкю", "Линкю\Линкю.csproj", "{29D3FA79-DF5B-4ADA-BC42-4F356BECCECF}"
EndProject
Project("{FAE04EC0-301F-11D3-BF4B-00C04F79EFBC}") = "Trc", "Trc\Trc.csproj", "{F9645C9C-797A-42C9-9C0B-D9ACBCC7CAB7}"
EndProject
Global
	GlobalSection(SolutionConfigurationPlatforms) = preSolution
		Debug|Any CPU = Debug|Any CPU
		Release|Any CPU = Release|Any CPU
	EndGlobalSection
	GlobalSection(ProjectConfigurationPlatforms) = postSolution
		{9CE18103-38B4-4BC1-8F81-ECEB9E39D2B2}.Debug|Any CPU.ActiveCfg = Debug|Any CPU
		{9CE18103-38B4-4BC1-8F81-ECEB9E39D2B2}.Debug|Any CPU.Build.0 = Debug|Any CPU
		{9CE18103-38B4-4BC1-8F81-ECEB9E39D2B2}.Release|Any CPU.ActiveCfg = Release|Any CPU
		{9CE18103-38B4-4BC1-8F81-ECEB9E39D2B2}.Release|Any CPU.Build.0 = Release|Any CPU
		{382E57D2-DE27-46D7-AC36-559678E52EB0}.Debug|Any CPU.ActiveCfg = Debug|Any CPU
		{382E57D2-DE27-46D7-AC36-559678E52EB0}.Debug|Any CPU.Build.0 = Debug|Any CPU
		{382E57D2-DE27-46D7-AC36-559678E52EB0}.Release|Any CPU.ActiveCfg = Release|Any CPU
		{382E57D2-DE27-46D7-AC36-559678E52EB0}.Release|Any CPU.Build.0 = Release|Any CPU
		{0AFDEECD-9F10-45A4-8826-E37D2431224C}.Debug|Any CPU.ActiveCfg = Debug|Any CPU
		{0AFDEECD-9F10-45A4-8826-E37D2431224C}.Debug|Any CPU.Build.0 = Debug|Any CPU
		{0AFDEECD-9F10-45A4-8826-E37D2431224C}.Release|Any CPU.ActiveCfg = Release|Any CPU
		{0AFDEECD-9F10-45A4-8826-E37D2431224C}.Release|Any CPU.Build.0 = Release|Any CPU
		{29D3FA79-DF5B-4ADA-BC42-4F356BECCECF}.Debug|Any CPU.ActiveCfg = Debug|Any CPU
		{29D3FA79-DF5B-4ADA-BC42-4F356BECCECF}.Debug|Any CPU.Build.0 = Debug|Any CPU
		{29D3FA79-DF5B-4ADA-BC42-4F356BECCECF}.Release|Any CPU.ActiveCfg = Release|Any CPU
		{29D3FA79-DF5B-4ADA-BC42-4F356BECCECF}.Release|Any CPU.Build.0 = Release|Any CPU
		{F9645C9C-797A-42C9-9C0B-D9ACBCC7CAB7}.Debug|Any CPU.ActiveCfg = Debug|Any CPU
		{F9645C9C-797A-42C9-9C0B-D9ACBCC7CAB7}.Debug|Any CPU.Build.0 = Debug|Any CPU
		{F9645C9C-797A-42C9-9C0B-D9ACBCC7CAB7}.Release|Any CPU.ActiveCfg = Release|Any CPU
		{F9645C9C-797A-42C9-9C0B-D9ACBCC7CAB7}.Release|Any CPU.Build.0 = Release|Any CPU
	EndGlobalSection
	GlobalSection(SolutionProperties) = preSolution
		HideSolutionNode = FALSE
	EndGlobalSection
	GlobalSection(ExtensibilityGlobals) = postSolution
		SolutionGuid = {A28E64CC-C83B-4CCD-B424-82943F0C834A}
	EndGlobalSection
EndGlobal
